
Microsoft Visual Studio Solution File, Format Version 12.00
# Visual Studio Version 17
VisualStudioVersion = 17.9.34701.34
MinimumVisualStudioVersion = 10.0.40219.1
Project("{FAE04EC0-301F-11D3-BF4B-00C04F79EFBC}") = "WishList", "WishList\WishList.csproj", "{ECECCC3F-B97B-4A3F-B21E-2F3154646305}"
EndProject
Global
	GlobalSection(SolutionConfigurationPlatforms) = preSolution
		Debug|Any CPU = Debug|Any CPU
		Release|Any CPU = Release|Any CPU
	EndGlobalSection
	GlobalSection(ProjectConfigurationPlatforms) = postSolution
		{ECECCC3F-B97B-4A3F-B21E-2F3154646305}.Debug|Any CPU.ActiveCfg = Debug|Any CPU
		{ECECCC3F-B97B-4A3F-B21E-2F3154646305}.Debug|Any CPU.Build.0 = Debug|Any CPU
		{ECECCC3F-B97B-4A3F-B21E-2F3154646305}.Release|Any CPU.ActiveCfg = Release|Any CPU
		{ECECCC3F-B97B-4A3F-B21E-2F3154646305}.Release|Any CPU.Build.0 = Release|Any CPU
	EndGlobalSection
	GlobalSection(SolutionProperties) = preSolution
		HideSolutionNode = FALSE
	EndGlobalSection
	GlobalSection(ExtensibilityGlobals) = postSolution
		SolutionGuid = {34340011-1DA5-46A8-BA14-5BC832B202C7}
	EndGlobalSection
EndGlobal
